
Microsoft Visual Studio Solution File, Format Version 11.00
# Visual Studio 2010
Project("{FAE04EC0-301F-11D3-BF4B-00C04F79EFBC}") = "Assembly-CSharp", "Assembly-CSharp.csproj", "{d78cbc0a-80d4-3382-06e3-9e880b303554}"
EndProject
Project("{FAE04EC0-301F-11D3-BF4B-00C04F79EFBC}") = "GameAssembly", "GameAssembly.csproj", "{7f660d73-a9b5-52e0-11df-ac70bc3ce90d}"
EndProject
Project("{FAE04EC0-301F-11D3-BF4B-00C04F79EFBC}") = "Tests", "Tests.csproj", "{83ace0c6-0310-3d0d-674a-a103ceffe618}"
EndProject
Global
	GlobalSection(SolutionConfigurationPlatforms) = preSolution
		Debug|Any CPU = Debug|Any CPU
	EndGlobalSection
	GlobalSection(ProjectConfigurationPlatforms) = postSolution
		{d78cbc0a-80d4-3382-06e3-9e880b303554}.Debug|Any CPU.ActiveCfg = Debug|Any CPU
		{d78cbc0a-80d4-3382-06e3-9e880b303554}.Debug|Any CPU.Build.0 = Debug|Any CPU
		{7f660d73-a9b5-52e0-11df-ac70bc3ce90d}.Debug|Any CPU.ActiveCfg = Debug|Any CPU
		{7f660d73-a9b5-52e0-11df-ac70bc3ce90d}.Debug|Any CPU.Build.0 = Debug|Any CPU
		{83ace0c6-0310-3d0d-674a-a103ceffe618}.Debug|Any CPU.ActiveCfg = Debug|Any CPU
		{83ace0c6-0310-3d0d-674a-a103ceffe618}.Debug|Any CPU.Build.0 = Debug|Any CPU
	EndGlobalSection
	GlobalSection(SolutionProperties) = preSolution
		HideSolutionNode = FALSE
	EndGlobalSection
EndGlobal
